{
  "version": 1,
  "dependencies": {
    "net10.0": {
      "Serilog.Extensions.Logging": {
        "type": "Direct",
        "requested": "[10.0.0, )",
        "resolved": "10.0.0",
        "contentHash": "vx0kABKl2dWbBhhqAfTOk53/i8aV/5VaT3a6il9gn72Wqs2pM7EK2OB6No6xdqK2IaY6Zf9gdjLuK9BVa2rT+Q==",
        "dependencies": {
          "Serilog": "4.2.0"
        }
      },
      "Serilog.Sinks.Console": {
        "type": "Direct",
        "requested": "[6.1.1, )",
        "resolved": "6.1.1",
        "contentHash": "8jbqgjUyZlfCuSTaJk6lOca465OndqOz3KZP6Cryt/IqZYybyBu7GP0fE/AXBzrrQB3EBmQntBFAvMVz1COvAA==",
        "dependencies": {
          "Serilog": "4.0.0"
        }
      },
      "Serilog": {
        "type": "Transitive",
        "resolved": "4.2.0",
        "contentHash": "gmoWVOvKgbME8TYR+gwMf7osROiWAURterc6Rt2dQyX7wtjZYpqFiA/pY6ztjGQKKV62GGCyOcmtP1UKMHgSmA=="
      },
      "StateAlchemist": {
        "type": "Transitive",
        "resolved": "1.3.0",
        "contentHash": "xH5kaKhxAO270/anPfjKeB7WzVfdK78tF13uMeOysIHrZEB7wlgL9QvTU/MVv0JZY7v2ukwIjtlj4ZhVqMvX2Q=="
      },
      "telnetnegotiationcore": {
        "type": "Project",
        "dependencies": {
          "StateAlchemist": "[1.3.0, )",
          "TelnetNegotiationCore.Gmcp": "[0.1.0, )"
        }
      },
      "telnetnegotiationcore.gmcp": {
        "type": "Project"
      }
    }
  }
}